{
	"name": "super-boids-2d",
	"version": "1.0.0",
	"lockfileVersion": 3,
	"requires": true,
	"packages": {
		"": {
			"name": "super-boids-2d",
			"version": "1.0.0",
			"license": "UNLICENSED",
			"dependencies": {
				"@babylonjs/core": "^5.43.0",
				"@babylonjs/gui": "^5.43.0",
				"@babylonjs/loaders": "^5.43.0",
				"@babylonjs/materials": "^5.43.0",
				"@babylonjs/serializers": "^5.43.0"
			},
			"devDependencies": {
				"@babylonjs/gui-editor": "^5.43.0",
				"@babylonjs/inspector": "^5.43.0",
				"typescript": "^4.9.4",
				"vite": "^4.0.4",
				"vite-plugin-glsl": "^1.1.1",
				"vite-plugin-minify": "^1.5.2",
				"vite-plugin-mkcert": "^1.11.0"
			}
		},
		"node_modules/@babylonjs/core": {
			"version": "5.43.0",
			"resolved": "https://registry.npmjs.org/@babylonjs/core/-/core-5.43.0.tgz",
			"integrity": "sha512-aM7aZveRKjcGd+SW1VmatE04L+NOHQjqYdmz4XqnUyP23J7Q36D9rwp1Eai63HXE3A0yfTaeOwxwNmYBYXLfyQ=="
		},
		"node_modules/@babylonjs/gui": {
			"version": "5.43.0",
			"resolved": "https://registry.npmjs.org/@babylonjs/gui/-/gui-5.43.0.tgz",
			"integrity": "sha512-PodtPsC6eR8IbKyF9xobidjE36zLsyViZefZVcB2mzuZgjgBlbTw9Uw9RqeCFuWXjUpq9XUPdYKvORZfd6FdlA==",
			"peerDependencies": {
				"@babylonjs/core": "^5.22.0"
			}
		},
		"node_modules/@babylonjs/gui-editor": {
			"version": "5.43.0",
			"resolved": "https://registry.npmjs.org/@babylonjs/gui-editor/-/gui-editor-5.43.0.tgz",
			"integrity": "sha512-7JjW/hIBpe8rW0YLubj+Sid+EZeKezEpR2c75plmjv348Ra7eVc8NwKP8/a88tw2WS2o5bpI3EWamopDpV5MXA==",
			"dev": true,
			"peerDependencies": {
				"@babylonjs/core": "^5.22.0",
				"@babylonjs/gui": "^5.22.0",
				"@types/react": ">=16.7.3",
				"@types/react-dom": ">=16.0.9"
			}
		},
		"node_modules/@babylonjs/inspector": {
			"version": "5.43.0",
			"resolved": "https://registry.npmjs.org/@babylonjs/inspector/-/inspector-5.43.0.tgz",
			"integrity": "sha512-PRNt2M6lRZndpJCsqUPj2aErqwrBDbgxuiFSAjPPwAS+up9u97xIODN8hWmuttjrE80dY2iawaX+hjLd8CwSzQ==",
			"dev": true,
			"dependencies": {
				"@fortawesome/fontawesome-svg-core": "^6.1.0",
				"@fortawesome/free-regular-svg-icons": "^6.0.0",
				"@fortawesome/free-solid-svg-icons": "^6.0.0"
			},
			"peerDependencies": {
				"@babylonjs/core": "^5.22.0",
				"@babylonjs/gui": "^5.22.0",
				"@babylonjs/gui-editor": "^5.22.0",
				"@babylonjs/loaders": "^5.22.0",
				"@babylonjs/materials": "^5.22.0",
				"@babylonjs/serializers": "^5.22.0",
				"@types/react": ">=16.7.3",
				"@types/react-dom": ">=16.0.9"
			}
		},
		"node_modules/@babylonjs/loaders": {
			"version": "5.43.0",
			"resolved": "https://registry.npmjs.org/@babylonjs/loaders/-/loaders-5.43.0.tgz",
			"integrity": "sha512-dobwmP3NdxCGNhZzWRetUvHvTZaz44Y6hpXkT1gdSLCC8ivIgapaL+S9gePxDFGGjjbtO5Oypo5cwQK0FV4SOA==",
			"peerDependencies": {
				"@babylonjs/core": "^5.22.0",
				"babylonjs-gltf2interface": "^5.22.0"
			}
		},
		"node_modules/@babylonjs/materials": {
			"version": "5.43.0",
			"resolved": "https://registry.npmjs.org/@babylonjs/materials/-/materials-5.43.0.tgz",
			"integrity": "sha512-ZlzQwAuIPGdfXeEaPC+GssekIv11RloqgPx0ZW9k+D0OKayKD++3dV+cNfKBkjJ4HwkKdfaTrhPDfVnd0GoW6A==",
			"peerDependencies": {
				"@babylonjs/core": "^5.22.0"
			}
		},
		"node_modules/@babylonjs/serializers": {
			"version": "5.43.0",
			"resolved": "https://registry.npmjs.org/@babylonjs/serializers/-/serializers-5.43.0.tgz",
			"integrity": "sha512-mhvDyjoDjBps/JYcqxW8/d24VM7Hfni+wuWq75A9PzMwdH9IwRieN0v2tmHJyEzC2aEkCTun1KMMkH8mKd4wgw==",
			"peerDependencies": {
				"@babylonjs/core": "^5.22.0",
				"babylonjs-gltf2interface": "^5.22.0"
			}
		},
		"node_modules/@esbuild/android-arm": {
			"version": "0.16.17",
			"resolved": "https://registry.npmjs.org/@esbuild/android-arm/-/android-arm-0.16.17.tgz",
			"integrity": "sha512-N9x1CMXVhtWEAMS7pNNONyA14f71VPQN9Cnavj1XQh6T7bskqiLLrSca4O0Vr8Wdcga943eThxnVp3JLnBMYtw==",
			"cpu": [
				"arm"
			],
			"dev": true,
			"optional": true,
			"os": [
				"android"
			],
			"engines": {
				"node": ">=12"
			}
		},
		"node_modules/@esbuild/android-arm64": {
			"version": "0.16.17",
			"resolved": "https://registry.npmjs.org/@esbuild/android-arm64/-/android-arm64-0.16.17.tgz",
			"integrity": "sha512-MIGl6p5sc3RDTLLkYL1MyL8BMRN4tLMRCn+yRJJmEDvYZ2M7tmAf80hx1kbNEUX2KJ50RRtxZ4JHLvCfuB6kBg==",
			"cpu": [
				"arm64"
			],
			"dev": true,
			"optional": true,
			"os": [
				"android"
			],
			"engines": {
				"node": ">=12"
			}
		},
		"node_modules/@esbuild/android-x64": {
			"version": "0.16.17",
			"resolved": "https://registry.npmjs.org/@esbuild/android-x64/-/android-x64-0.16.17.tgz",
			"integrity": "sha512-a3kTv3m0Ghh4z1DaFEuEDfz3OLONKuFvI4Xqczqx4BqLyuFaFkuaG4j2MtA6fuWEFeC5x9IvqnX7drmRq/fyAQ==",
			"cpu": [
				"x64"
			],
			"dev": true,
			"optional": true,
			"os": [
				"android"
			],
			"engines": {
				"node": ">=12"
			}
		},
		"node_modules/@esbuild/darwin-arm64": {
			"version": "0.16.17",
			"resolved": "https://registry.npmjs.org/@esbuild/darwin-arm64/-/darwin-arm64-0.16.17.tgz",
			"integrity": "sha512-/2agbUEfmxWHi9ARTX6OQ/KgXnOWfsNlTeLcoV7HSuSTv63E4DqtAc+2XqGw1KHxKMHGZgbVCZge7HXWX9Vn+w==",
			"cpu": [
				"arm64"
			],
			"dev": true,
			"optional": true,
			"os": [
				"darwin"
			],
			"engines": {
				"node": ">=12"
			}
		},
		"node_modules/@esbuild/darwin-x64": {
			"version": "0.16.17",
			"resolved": "https://registry.npmjs.org/@esbuild/darwin-x64/-/darwin-x64-0.16.17.tgz",
			"integrity": "sha512-2By45OBHulkd9Svy5IOCZt376Aa2oOkiE9QWUK9fe6Tb+WDr8hXL3dpqi+DeLiMed8tVXspzsTAvd0jUl96wmg==",
			"cpu": [
				"x64"
			],
			"dev": true,
			"optional": true,
			"os": [
				"darwin"
			],
			"engines": {
				"node": ">=12"
			}
		},
		"node_modules/@esbuild/freebsd-arm64": {
			"version": "0.16.17",
			"resolved": "https://registry.npmjs.org/@esbuild/freebsd-arm64/-/freebsd-arm64-0.16.17.tgz",
			"integrity": "sha512-mt+cxZe1tVx489VTb4mBAOo2aKSnJ33L9fr25JXpqQqzbUIw/yzIzi+NHwAXK2qYV1lEFp4OoVeThGjUbmWmdw==",
			"cpu": [
				"arm64"
			],
			"dev": true,
			"optional": true,
			"os": [
				"freebsd"
			],
			"engines": {
				"node": ">=12"
			}
		},
		"node_modules/@esbuild/freebsd-x64": {
			"version": "0.16.17",
			"resolved": "https://registry.npmjs.org/@esbuild/freebsd-x64/-/freebsd-x64-0.16.17.tgz",
			"integrity": "sha512-8ScTdNJl5idAKjH8zGAsN7RuWcyHG3BAvMNpKOBaqqR7EbUhhVHOqXRdL7oZvz8WNHL2pr5+eIT5c65kA6NHug==",
			"cpu": [
				"x64"
			],
			"dev": true,
			"optional": true,
			"os": [
				"freebsd"
			],
			"engines": {
				"node": ">=12"
			}
		},
		"node_modules/@esbuild/linux-arm": {
			"version": "0.16.17",
			"resolved": "https://registry.npmjs.org/@esbuild/linux-arm/-/linux-arm-0.16.17.tgz",
			"integrity": "sha512-iihzrWbD4gIT7j3caMzKb/RsFFHCwqqbrbH9SqUSRrdXkXaygSZCZg1FybsZz57Ju7N/SHEgPyaR0LZ8Zbe9gQ==",
			"cpu": [
				"arm"
			],
			"dev": true,
			"optional": true,
			"os": [
				"linux"
			],
			"engines": {
				"node": ">=12"
			}
		},
		"node_modules/@esbuild/linux-arm64": {
			"version": "0.16.17",
			"resolved": "https://registry.npmjs.org/@esbuild/linux-arm64/-/linux-arm64-0.16.17.tgz",
			"integrity": "sha512-7S8gJnSlqKGVJunnMCrXHU9Q8Q/tQIxk/xL8BqAP64wchPCTzuM6W3Ra8cIa1HIflAvDnNOt2jaL17vaW+1V0g==",
			"cpu": [
				"arm64"
			],
			"dev": true,
			"optional": true,
			"os": [
				"linux"
			],
			"engines": {
				"node": ">=12"
			}
		},
		"node_modules/@esbuild/linux-ia32": {
			"version": "0.16.17",
			"resolved": "https://registry.npmjs.org/@esbuild/linux-ia32/-/linux-ia32-0.16.17.tgz",
			"integrity": "sha512-kiX69+wcPAdgl3Lonh1VI7MBr16nktEvOfViszBSxygRQqSpzv7BffMKRPMFwzeJGPxcio0pdD3kYQGpqQ2SSg==",
			"cpu": [
				"ia32"
			],
			"dev": true,
			"optional": true,
			"os": [
				"linux"
			],
			"engines": {
				"node": ">=12"
			}
		},
		"node_modules/@esbuild/linux-loong64": {
			"version": "0.16.17",
			"resolved": "https://registry.npmjs.org/@esbuild/linux-loong64/-/linux-loong64-0.16.17.tgz",
			"integrity": "sha512-dTzNnQwembNDhd654cA4QhbS9uDdXC3TKqMJjgOWsC0yNCbpzfWoXdZvp0mY7HU6nzk5E0zpRGGx3qoQg8T2DQ==",
			"cpu": [
				"loong64"
			],
			"dev": true,
			"optional": true,
			"os": [
				"linux"
			],
			"engines": {
				"node": ">=12"
			}
		},
		"node_modules/@esbuild/linux-mips64el": {
			"version": "0.16.17",
			"resolved": "https://registry.npmjs.org/@esbuild/linux-mips64el/-/linux-mips64el-0.16.17.tgz",
			"integrity": "sha512-ezbDkp2nDl0PfIUn0CsQ30kxfcLTlcx4Foz2kYv8qdC6ia2oX5Q3E/8m6lq84Dj/6b0FrkgD582fJMIfHhJfSw==",
			"cpu": [
				"mips64el"
			],
			"dev": true,
			"optional": true,
			"os": [
				"linux"
			],
			"engines": {
				"node": ">=12"
			}
		},
		"node_modules/@esbuild/linux-ppc64": {
			"version": "0.16.17",
			"resolved": "https://registry.npmjs.org/@esbuild/linux-ppc64/-/linux-ppc64-0.16.17.tgz",
			"integrity": "sha512-dzS678gYD1lJsW73zrFhDApLVdM3cUF2MvAa1D8K8KtcSKdLBPP4zZSLy6LFZ0jYqQdQ29bjAHJDgz0rVbLB3g==",
			"cpu": [
				"ppc64"
			],
			"dev": true,
			"optional": true,
			"os": [
				"linux"
			],
			"engines": {
				"node": ">=12"
			}
		},
		"node_modules/@esbuild/linux-riscv64": {
			"version": "0.16.17",
			"resolved": "https://registry.npmjs.org/@esbuild/linux-riscv64/-/linux-riscv64-0.16.17.tgz",
			"integrity": "sha512-ylNlVsxuFjZK8DQtNUwiMskh6nT0vI7kYl/4fZgV1llP5d6+HIeL/vmmm3jpuoo8+NuXjQVZxmKuhDApK0/cKw==",
			"cpu": [
				"riscv64"
			],
			"dev": true,
			"optional": true,
			"os": [
				"linux"
			],
			"engines": {
				"node": ">=12"
			}
		},
		"node_modules/@esbuild/linux-s390x": {
			"version": "0.16.17",
			"resolved": "https://registry.npmjs.org/@esbuild/linux-s390x/-/linux-s390x-0.16.17.tgz",
			"integrity": "sha512-gzy7nUTO4UA4oZ2wAMXPNBGTzZFP7mss3aKR2hH+/4UUkCOyqmjXiKpzGrY2TlEUhbbejzXVKKGazYcQTZWA/w==",
			"cpu": [
				"s390x"
			],
			"dev": true,
			"optional": true,
			"os": [
				"linux"
			],
			"engines": {
				"node": ">=12"
			}
		},
		"node_modules/@esbuild/linux-x64": {
			"version": "0.16.17",
			"resolved": "https://registry.npmjs.org/@esbuild/linux-x64/-/linux-x64-0.16.17.tgz",
			"integrity": "sha512-mdPjPxfnmoqhgpiEArqi4egmBAMYvaObgn4poorpUaqmvzzbvqbowRllQ+ZgzGVMGKaPkqUmPDOOFQRUFDmeUw==",
			"cpu": [
				"x64"
			],
			"dev": true,
			"optional": true,
			"os": [
				"linux"
			],
			"engines": {
				"node": ">=12"
			}
		},
		"node_modules/@esbuild/netbsd-x64": {
			"version": "0.16.17",
			"resolved": "https://registry.npmjs.org/@esbuild/netbsd-x64/-/netbsd-x64-0.16.17.tgz",
			"integrity": "sha512-/PzmzD/zyAeTUsduZa32bn0ORug+Jd1EGGAUJvqfeixoEISYpGnAezN6lnJoskauoai0Jrs+XSyvDhppCPoKOA==",
			"cpu": [
				"x64"
			],
			"dev": true,
			"optional": true,
			"os": [
				"netbsd"
			],
			"engines": {
				"node": ">=12"
			}
		},
		"node_modules/@esbuild/openbsd-x64": {
			"version": "0.16.17",
			"resolved": "https://registry.npmjs.org/@esbuild/openbsd-x64/-/openbsd-x64-0.16.17.tgz",
			"integrity": "sha512-2yaWJhvxGEz2RiftSk0UObqJa/b+rIAjnODJgv2GbGGpRwAfpgzyrg1WLK8rqA24mfZa9GvpjLcBBg8JHkoodg==",
			"cpu": [
				"x64"
			],
			"dev": true,
			"optional": true,
			"os": [
				"openbsd"
			],
			"engines": {
				"node": ">=12"
			}
		},
		"node_modules/@esbuild/sunos-x64": {
			"version": "0.16.17",
			"resolved": "https://registry.npmjs.org/@esbuild/sunos-x64/-/sunos-x64-0.16.17.tgz",
			"integrity": "sha512-xtVUiev38tN0R3g8VhRfN7Zl42YCJvyBhRKw1RJjwE1d2emWTVToPLNEQj/5Qxc6lVFATDiy6LjVHYhIPrLxzw==",
			"cpu": [
				"x64"
			],
			"dev": true,
			"optional": true,
			"os": [
				"sunos"
			],
			"engines": {
				"node": ">=12"
			}
		},
		"node_modules/@esbuild/win32-arm64": {
			"version": "0.16.17",
			"resolved": "https://registry.npmjs.org/@esbuild/win32-arm64/-/win32-arm64-0.16.17.tgz",
			"integrity": "sha512-ga8+JqBDHY4b6fQAmOgtJJue36scANy4l/rL97W+0wYmijhxKetzZdKOJI7olaBaMhWt8Pac2McJdZLxXWUEQw==",
			"cpu": [
				"arm64"
			],
			"dev": true,
			"optional": true,
			"os": [
				"win32"
			],
			"engines": {
				"node": ">=12"
			}
		},
		"node_modules/@esbuild/win32-ia32": {
			"version": "0.16.17",
			"resolved": "https://registry.npmjs.org/@esbuild/win32-ia32/-/win32-ia32-0.16.17.tgz",
			"integrity": "sha512-WnsKaf46uSSF/sZhwnqE4L/F89AYNMiD4YtEcYekBt9Q7nj0DiId2XH2Ng2PHM54qi5oPrQ8luuzGszqi/veig==",
			"cpu": [
				"ia32"
			],
			"dev": true,
			"optional": true,
			"os": [
				"win32"
			],
			"engines": {
				"node": ">=12"
			}
		},
		"node_modules/@esbuild/win32-x64": {
			"version": "0.16.17",
			"resolved": "https://registry.npmjs.org/@esbuild/win32-x64/-/win32-x64-0.16.17.tgz",
			"integrity": "sha512-y+EHuSchhL7FjHgvQL/0fnnFmO4T1bhvWANX6gcnqTjtnKWbTvUMCpGnv2+t+31d7RzyEAYAd4u2fnIhHL6N/Q==",
			"cpu": [
				"x64"
			],
			"dev": true,
			"optional": true,
			"os": [
				"win32"
			],
			"engines": {
				"node": ">=12"
			}
		},
		"node_modules/@fortawesome/fontawesome-common-types": {
			"version": "6.2.1",
			"resolved": "https://registry.npmjs.org/@fortawesome/fontawesome-common-types/-/fontawesome-common-types-6.2.1.tgz",
			"integrity": "sha512-Sz07mnQrTekFWLz5BMjOzHl/+NooTdW8F8kDQxjWwbpOJcnoSg4vUDng8d/WR1wOxM0O+CY9Zw0nR054riNYtQ==",
			"dev": true,
			"hasInstallScript": true,
			"engines": {
				"node": ">=6"
			}
		},
		"node_modules/@fortawesome/fontawesome-svg-core": {
			"version": "6.2.1",
			"resolved": "https://registry.npmjs.org/@fortawesome/fontawesome-svg-core/-/fontawesome-svg-core-6.2.1.tgz",
			"integrity": "sha512-HELwwbCz6C1XEcjzyT1Jugmz2NNklMrSPjZOWMlc+ZsHIVk+XOvOXLGGQtFBwSyqfJDNgRq4xBCwWOaZ/d9DEA==",
			"dev": true,
			"hasInstallScript": true,
			"dependencies": {
				"@fortawesome/fontawesome-common-types": "6.2.1"
			},
			"engines": {
				"node": ">=6"
			}
		},
		"node_modules/@fortawesome/free-regular-svg-icons": {
			"version": "6.2.1",
			"resolved": "https://registry.npmjs.org/@fortawesome/free-regular-svg-icons/-/free-regular-svg-icons-6.2.1.tgz",
			"integrity": "sha512-wiqcNDNom75x+pe88FclpKz7aOSqS2lOivZeicMV5KRwOAeypxEYWAK/0v+7r+LrEY30+qzh8r2XDaEHvoLsMA==",
			"dev": true,
			"hasInstallScript": true,
			"dependencies": {
				"@fortawesome/fontawesome-common-types": "6.2.1"
			},
			"engines": {
				"node": ">=6"
			}
		},
		"node_modules/@fortawesome/free-solid-svg-icons": {
			"version": "6.2.1",
			"resolved": "https://registry.npmjs.org/@fortawesome/free-solid-svg-icons/-/free-solid-svg-icons-6.2.1.tgz",
			"integrity": "sha512-oKuqrP5jbfEPJWTij4sM+/RvgX+RMFwx3QZCZcK9PrBDgxC35zuc7AOFsyMjMd/PIFPeB2JxyqDr5zs/DZFPPw==",
			"dev": true,
			"hasInstallScript": true,
			"dependencies": {
				"@fortawesome/fontawesome-common-types": "6.2.1"
			},
			"engines": {
				"node": ">=6"
			}
		},
		"node_modules/@jridgewell/gen-mapping": {
			"version": "0.3.2",
			"resolved": "https://registry.npmjs.org/@jridgewell/gen-mapping/-/gen-mapping-0.3.2.tgz",
			"integrity": "sha512-mh65xKQAzI6iBcFzwv28KVWSmCkdRBWoOh+bYQGW3+6OZvbbN3TqMGo5hqYxQniRcH9F2VZIoJCm4pa3BPDK/A==",
			"dev": true,
			"dependencies": {
				"@jridgewell/set-array": "^1.0.1",
				"@jridgewell/sourcemap-codec": "^1.4.10",
				"@jridgewell/trace-mapping": "^0.3.9"
			},
			"engines": {
				"node": ">=6.0.0"
			}
		},
		"node_modules/@jridgewell/resolve-uri": {
			"version": "3.1.0",
			"resolved": "https://registry.npmjs.org/@jridgewell/resolve-uri/-/resolve-uri-3.1.0.tgz",
			"integrity": "sha512-F2msla3tad+Mfht5cJq7LSXcdudKTWCVYUgw6pLFOOHSTtZlj6SWNYAp+AhuqLmWdBO2X5hPrLcu8cVP8fy28w==",
			"dev": true,
			"engines": {
				"node": ">=6.0.0"
			}
		},
		"node_modules/@jridgewell/set-array": {
			"version": "1.1.2",
			"resolved": "https://registry.npmjs.org/@jridgewell/set-array/-/set-array-1.1.2.tgz",
			"integrity": "sha512-xnkseuNADM0gt2bs+BvhO0p78Mk762YnZdsuzFV018NoG1Sj1SCQvpSqa7XUaTam5vAGasABV9qXASMKnFMwMw==",
			"dev": true,
			"engines": {
				"node": ">=6.0.0"
			}
		},
		"node_modules/@jridgewell/source-map": {
			"version": "0.3.2",
			"resolved": "https://registry.npmjs.org/@jridgewell/source-map/-/source-map-0.3.2.tgz",
			"integrity": "sha512-m7O9o2uR8k2ObDysZYzdfhb08VuEml5oWGiosa1VdaPZ/A6QyPkAJuwN0Q1lhULOf6B7MtQmHENS743hWtCrgw==",
			"dev": true,
			"dependencies": {
				"@jridgewell/gen-mapping": "^0.3.0",
				"@jridgewell/trace-mapping": "^0.3.9"
			}
		},
		"node_modules/@jridgewell/sourcemap-codec": {
			"version": "1.4.14",
			"resolved": "https://registry.npmjs.org/@jridgewell/sourcemap-codec/-/sourcemap-codec-1.4.14.tgz",
			"integrity": "sha512-XPSJHWmi394fuUuzDnGz1wiKqWfo1yXecHQMRf2l6hztTO+nPru658AyDngaBe7isIxEkRsPR3FZh+s7iVa4Uw==",
			"dev": true
		},
		"node_modules/@jridgewell/trace-mapping": {
			"version": "0.3.17",
			"resolved": "https://registry.npmjs.org/@jridgewell/trace-mapping/-/trace-mapping-0.3.17.tgz",
			"integrity": "sha512-MCNzAp77qzKca9+W/+I0+sEpaUnZoeasnghNeVc41VZCEKaCH73Vq3BZZ/SzWIgrqE4H4ceI+p+b6C0mHf9T4g==",
			"dev": true,
			"dependencies": {
				"@jridgewell/resolve-uri": "3.1.0",
				"@jridgewell/sourcemap-codec": "1.4.14"
			}
		},
		"node_modules/@octokit/auth-token": {
			"version": "3.0.3",
			"resolved": "https://registry.npmjs.org/@octokit/auth-token/-/auth-token-3.0.3.tgz",
			"integrity": "sha512-/aFM2M4HVDBT/jjDBa84sJniv1t9Gm/rLkalaz9htOm+L+8JMj1k9w0CkUdcxNyNxZPlTxKPVko+m1VlM58ZVA==",
			"dev": true,
			"dependencies": {
				"@octokit/types": "^9.0.0"
			},
			"engines": {
				"node": ">= 14"
			}
		},
		"node_modules/@octokit/core": {
			"version": "4.2.0",
			"resolved": "https://registry.npmjs.org/@octokit/core/-/core-4.2.0.tgz",
			"integrity": "sha512-AgvDRUg3COpR82P7PBdGZF/NNqGmtMq2NiPqeSsDIeCfYFOZ9gddqWNQHnFdEUf+YwOj4aZYmJnlPp7OXmDIDg==",
			"dev": true,
			"dependencies": {
				"@octokit/auth-token": "^3.0.0",
				"@octokit/graphql": "^5.0.0",
				"@octokit/request": "^6.0.0",
				"@octokit/request-error": "^3.0.0",
				"@octokit/types": "^9.0.0",
				"before-after-hook": "^2.2.0",
				"universal-user-agent": "^6.0.0"
			},
			"engines": {
				"node": ">= 14"
			}
		},
		"node_modules/@octokit/endpoint": {
			"version": "7.0.4",
			"resolved": "https://registry.npmjs.org/@octokit/endpoint/-/endpoint-7.0.4.tgz",
			"integrity": "sha512-hXJP43VT2IrUxBCNIahta8qawpIzLvCjHLCuDDsdIPbd6+jPwsc3KGl/kdQ37mLd+sdiJm6c9qKI7k5CjE0Z9A==",
			"dev": true,
			"dependencies": {
				"@octokit/types": "^9.0.0",
				"is-plain-object": "^5.0.0",
				"universal-user-agent": "^6.0.0"
			},
			"engines": {
				"node": ">= 14"
			}
		},
		"node_modules/@octokit/graphql": {
			"version": "5.0.5",
			"resolved": "https://registry.npmjs.org/@octokit/graphql/-/graphql-5.0.5.tgz",
			"integrity": "sha512-Qwfvh3xdqKtIznjX9lz2D458r7dJPP8l6r4GQkIdWQouZwHQK0mVT88uwiU2bdTU2OtT1uOlKpRciUWldpG0yQ==",
			"dev": true,
			"dependencies": {
				"@octokit/request": "^6.0.0",
				"@octokit/types": "^9.0.0",
				"universal-user-agent": "^6.0.0"
			},
			"engines": {
				"node": ">= 14"
			}
		},
		"node_modules/@octokit/openapi-types": {
			"version": "16.0.0",
			"resolved": "https://registry.npmjs.org/@octokit/openapi-types/-/openapi-types-16.0.0.tgz",
			"integrity": "sha512-JbFWOqTJVLHZSUUoF4FzAZKYtqdxWu9Z5m2QQnOyEa04fOFljvyh7D3GYKbfuaSWisqehImiVIMG4eyJeP5VEA==",
			"dev": true
		},
		"node_modules/@octokit/plugin-paginate-rest": {
			"version": "6.0.0",
			"resolved": "https://registry.npmjs.org/@octokit/plugin-paginate-rest/-/plugin-paginate-rest-6.0.0.tgz",
			"integrity": "sha512-Sq5VU1PfT6/JyuXPyt04KZNVsFOSBaYOAq2QRZUwzVlI10KFvcbUo8lR258AAQL1Et60b0WuVik+zOWKLuDZxw==",
			"dev": true,
			"dependencies": {
				"@octokit/types": "^9.0.0"
			},
			"engines": {
				"node": ">= 14"
			},
			"peerDependencies": {
				"@octokit/core": ">=4"
			}
		},
		"node_modules/@octokit/plugin-request-log": {
			"version": "1.0.4",
			"resolved": "https://registry.npmjs.org/@octokit/plugin-request-log/-/plugin-request-log-1.0.4.tgz",
			"integrity": "sha512-mLUsMkgP7K/cnFEw07kWqXGF5LKrOkD+lhCrKvPHXWDywAwuDUeDwWBpc69XK3pNX0uKiVt8g5z96PJ6z9xCFA==",
			"dev": true,
			"peerDependencies": {
				"@octokit/core": ">=3"
			}
		},
		"node_modules/@octokit/plugin-rest-endpoint-methods": {
			"version": "7.0.1",
			"resolved": "https://registry.npmjs.org/@octokit/plugin-rest-endpoint-methods/-/plugin-rest-endpoint-methods-7.0.1.tgz",
			"integrity": "sha512-pnCaLwZBudK5xCdrR823xHGNgqOzRnJ/mpC/76YPpNP7DybdsJtP7mdOwh+wYZxK5jqeQuhu59ogMI4NRlBUvA==",
			"dev": true,
			"dependencies": {
				"@octokit/types": "^9.0.0",
				"deprecation": "^2.3.1"
			},
			"engines": {
				"node": ">= 14"
			},
			"peerDependencies": {
				"@octokit/core": ">=3"
			}
		},
		"node_modules/@octokit/request": {
			"version": "6.2.3",
			"resolved": "https://registry.npmjs.org/@octokit/request/-/request-6.2.3.tgz",
			"integrity": "sha512-TNAodj5yNzrrZ/VxP+H5HiYaZep0H3GU0O7PaF+fhDrt8FPrnkei9Aal/txsN/1P7V3CPiThG0tIvpPDYUsyAA==",
			"dev": true,
			"dependencies": {
				"@octokit/endpoint": "^7.0.0",
				"@octokit/request-error": "^3.0.0",
				"@octokit/types": "^9.0.0",
				"is-plain-object": "^5.0.0",
				"node-fetch": "^2.6.7",
				"universal-user-agent": "^6.0.0"
			},
			"engines": {
				"node": ">= 14"
			}
		},
		"node_modules/@octokit/request-error": {
			"version": "3.0.3",
			"resolved": "https://registry.npmjs.org/@octokit/request-error/-/request-error-3.0.3.tgz",
			"integrity": "sha512-crqw3V5Iy2uOU5Np+8M/YexTlT8zxCfI+qu+LxUB7SZpje4Qmx3mub5DfEKSO8Ylyk0aogi6TYdf6kxzh2BguQ==",
			"dev": true,
			"dependencies": {
				"@octokit/types": "^9.0.0",
				"deprecation": "^2.0.0",
				"once": "^1.4.0"
			},
			"engines": {
				"node": ">= 14"
			}
		},
		"node_modules/@octokit/rest": {
			"version": "19.0.7",
			"resolved": "https://registry.npmjs.org/@octokit/rest/-/rest-19.0.7.tgz",
			"integrity": "sha512-HRtSfjrWmWVNp2uAkEpQnuGMJsu/+dBr47dRc5QVgsCbnIc1+GFEaoKBWkYG+zjrsHpSqcAElMio+n10c0b5JA==",
			"dev": true,
			"dependencies": {
				"@octokit/core": "^4.1.0",
				"@octokit/plugin-paginate-rest": "^6.0.0",
				"@octokit/plugin-request-log": "^1.0.4",
				"@octokit/plugin-rest-endpoint-methods": "^7.0.0"
			},
			"engines": {
				"node": ">= 14"
			}
		},
		"node_modules/@octokit/types": {
			"version": "9.0.0",
			"resolved": "https://registry.npmjs.org/@octokit/types/-/types-9.0.0.tgz",
			"integrity": "sha512-LUewfj94xCMH2rbD5YJ+6AQ4AVjFYTgpp6rboWM5T7N3IsIF65SBEOVcYMGAEzO/kKNiNaW4LoWtoThOhH06gw==",
			"dev": true,
			"dependencies": {
				"@octokit/openapi-types": "^16.0.0"
			}
		},
		"node_modules/@rollup/pluginutils": {
			"version": "5.0.2",
			"resolved": "https://registry.npmjs.org/@rollup/pluginutils/-/pluginutils-5.0.2.tgz",
			"integrity": "sha512-pTd9rIsP92h+B6wWwFbW8RkZv4hiR/xKsqre4SIuAOaOEQRxi0lqLke9k2/7WegC85GgUs9pjmOjCUi3In4vwA==",
			"dev": true,
			"dependencies": {
				"@types/estree": "^1.0.0",
				"estree-walker": "^2.0.2",
				"picomatch": "^2.3.1"
			},
			"engines": {
				"node": ">=14.0.0"
			},
			"peerDependencies": {
				"rollup": "^1.20.0||^2.0.0||^3.0.0"
			},
			"peerDependenciesMeta": {
				"rollup": {
					"optional": true
				}
			}
		},
		"node_modules/@types/estree": {
			"version": "1.0.0",
			"resolved": "https://registry.npmjs.org/@types/estree/-/estree-1.0.0.tgz",
			"integrity": "sha512-WulqXMDUTYAXCjZnk6JtIHPigp55cVtDgDrO2gHRwhyJto21+1zbVCtOYB2L1F9w4qCQ0rOGWBnBe0FNTiEJIQ==",
			"dev": true
		},
		"node_modules/@types/prop-types": {
			"version": "15.7.5",
			"resolved": "https://registry.npmjs.org/@types/prop-types/-/prop-types-15.7.5.tgz",
			"integrity": "sha512-JCB8C6SnDoQf0cNycqd/35A7MjcnK+ZTqE7judS6o7utxUCg6imJg3QK2qzHKszlTjcj2cn+NwMB2i96ubpj7w==",
			"dev": true,
			"peer": true
		},
		"node_modules/@types/react": {
			"version": "18.0.27",
			"resolved": "https://registry.npmjs.org/@types/react/-/react-18.0.27.tgz",
			"integrity": "sha512-3vtRKHgVxu3Jp9t718R9BuzoD4NcQ8YJ5XRzsSKxNDiDonD2MXIT1TmSkenxuCycZJoQT5d2vE8LwWJxBC1gmA==",
			"dev": true,
			"peer": true,
			"dependencies": {
				"@types/prop-types": "*",
				"@types/scheduler": "*",
				"csstype": "^3.0.2"
			}
		},
		"node_modules/@types/react-dom": {
			"version": "18.0.10",
			"resolved": "https://registry.npmjs.org/@types/react-dom/-/react-dom-18.0.10.tgz",
			"integrity": "sha512-E42GW/JA4Qv15wQdqJq8DL4JhNpB3prJgjgapN3qJT9K2zO5IIAQh4VXvCEDupoqAwnz0cY4RlXeC/ajX5SFHg==",
			"dev": true,
			"peer": true,
			"dependencies": {
				"@types/react": "*"
			}
		},
		"node_modules/@types/scheduler": {
			"version": "0.16.2",
			"resolved": "https://registry.npmjs.org/@types/scheduler/-/scheduler-0.16.2.tgz",
			"integrity": "sha512-hppQEBDmlwhFAXKJX2KnWLYu5yMfi91yazPb2l+lbJiwW+wdo1gNeRA+3RgNSO39WYX2euey41KEwnqesU2Jew==",
			"dev": true,
			"peer": true
		},
		"node_modules/acorn": {
			"version": "8.8.1",
			"resolved": "https://registry.npmjs.org/acorn/-/acorn-8.8.1.tgz",
			"integrity": "sha512-7zFpHzhnqYKrkYdUjF1HI1bzd0VygEGX8lFk4k5zVMqHEoES+P+7TKI+EvLO9WVMJ8eekdO0aDEK044xTXwPPA==",
			"dev": true,
			"bin": {
				"acorn": "bin/acorn"
			},
			"engines": {
				"node": ">=0.4.0"
			}
		},
		"node_modules/asynckit": {
			"version": "0.4.0",
			"resolved": "https://registry.npmjs.org/asynckit/-/asynckit-0.4.0.tgz",
			"integrity": "sha512-Oei9OH4tRh0YqU3GxhX79dM/mwVgvbZJaSNaRk+bshkj0S5cfHcgYakreBjrHwatXKbz+IoIdYLxrKim2MjW0Q==",
			"dev": true
		},
		"node_modules/axios": {
			"version": "1.2.3",
			"resolved": "https://registry.npmjs.org/axios/-/axios-1.2.3.tgz",
			"integrity": "sha512-pdDkMYJeuXLZ6Xj/Q5J3Phpe+jbGdsSzlQaFVkMQzRUL05+6+tetX8TV3p4HrU4kzuO9bt+io/yGQxuyxA/xcw==",
			"dev": true,
			"dependencies": {
				"follow-redirects": "^1.15.0",
				"form-data": "^4.0.0",
				"proxy-from-env": "^1.1.0"
			}
		},
		"node_modules/babylonjs-gltf2interface": {
			"version": "5.43.0",
			"resolved": "https://registry.npmjs.org/babylonjs-gltf2interface/-/babylonjs-gltf2interface-5.43.0.tgz",
			"integrity": "sha512-q7X/BxWM5f5c2sk8sKplBSi2nq9C/AvG61Gi1uqjcLrmd8+jXbBEXsoVzYJtOsuhbUvYfLfdnD8aEtFxEd9ggA==",
			"peer": true
		},
		"node_modules/before-after-hook": {
			"version": "2.2.3",
			"resolved": "https://registry.npmjs.org/before-after-hook/-/before-after-hook-2.2.3.tgz",
			"integrity": "sha512-NzUnlZexiaH/46WDhANlyR2bXRopNg4F/zuSA3OpZnllCUgRaOF2znDioDWrmbNVsuZk6l9pMquQB38cfBZwkQ==",
			"dev": true
		},
		"node_modules/buffer-from": {
			"version": "1.1.2",
			"resolved": "https://registry.npmjs.org/buffer-from/-/buffer-from-1.1.2.tgz",
			"integrity": "sha512-E+XQCRwSbaaiChtv6k6Dwgc+bx+Bs6vuKJHHl5kox/BaKbhiXzqQOwK4cO22yElGp2OCmjwVhT3HmxgyPGnJfQ==",
			"dev": true
		},
		"node_modules/camel-case": {
			"version": "4.1.2",
			"resolved": "https://registry.npmjs.org/camel-case/-/camel-case-4.1.2.tgz",
			"integrity": "sha512-gxGWBrTT1JuMx6R+o5PTXMmUnhnVzLQ9SNutD4YqKtI6ap897t3tKECYla6gCWEkplXnlNybEkZg9GEGxKFCgw==",
			"dev": true,
			"dependencies": {
				"pascal-case": "^3.1.2",
				"tslib": "^2.0.3"
			}
		},
		"node_modules/clean-css": {
			"version": "5.3.2",
			"resolved": "https://registry.npmjs.org/clean-css/-/clean-css-5.3.2.tgz",
			"integrity": "sha512-JVJbM+f3d3Q704rF4bqQ5UUyTtuJ0JRKNbTKVEeujCCBoMdkEi+V+e8oktO9qGQNSvHrFTM6JZRXrUvGR1czww==",
			"dev": true,
			"dependencies": {
				"source-map": "~0.6.0"
			},
			"engines": {
				"node": ">= 10.0"
			}
		},
		"node_modules/combined-stream": {
			"version": "1.0.8",
			"resolved": "https://registry.npmjs.org/combined-stream/-/combined-stream-1.0.8.tgz",
			"integrity": "sha512-FQN4MRfuJeHf7cBbBMJFXhKSDq+2kAArBlmRBvcvFE5BB1HZKXtSFASDhdlz9zOYwxh8lDdnvmMOe/+5cdoEdg==",
			"dev": true,
			"dependencies": {
				"delayed-stream": "~1.0.0"
			},
			"engines": {
				"node": ">= 0.8"
			}
		},
		"node_modules/commander": {
			"version": "8.3.0",
			"resolved": "https://registry.npmjs.org/commander/-/commander-8.3.0.tgz",
			"integrity": "sha512-OkTL9umf+He2DZkUq8f8J9of7yL6RJKI24dVITBmNfZBmri9zYZQrKkuXiKhyfPSu8tUhnVBB1iKXevvnlR4Ww==",
			"dev": true,
			"engines": {
				"node": ">= 12"
			}
		},
		"node_modules/csstype": {
			"version": "3.1.1",
			"resolved": "https://registry.npmjs.org/csstype/-/csstype-3.1.1.tgz",
			"integrity": "sha512-DJR/VvkAvSZW9bTouZue2sSxDwdTN92uHjqeKVm+0dAqdfNykRzQ95tay8aXMBAAPpUiq4Qcug2L7neoRh2Egw==",
			"dev": true,
			"peer": true
		},
		"node_modules/debug": {
			"version": "4.3.4",
			"resolved": "https://registry.npmjs.org/debug/-/debug-4.3.4.tgz",
			"integrity": "sha512-PRWFHuSU3eDtQJPvnNY7Jcket1j0t5OuOsFzPPzsekD52Zl8qUfFIPEiswXqIvHWGVHOgX+7G/vCNNhehwxfkQ==",
			"dev": true,
			"dependencies": {
				"ms": "2.1.2"
			},
			"engines": {
				"node": ">=6.0"
			},
			"peerDependenciesMeta": {
				"supports-color": {
					"optional": true
				}
			}
		},
		"node_modules/delayed-stream": {
			"version": "1.0.0",
			"resolved": "https://registry.npmjs.org/delayed-stream/-/delayed-stream-1.0.0.tgz",
			"integrity": "sha512-ZySD7Nf91aLB0RxL4KGrKHBXl7Eds1DAmEdcoVawXnLD7SDhpNgtuII2aAkg7a7QS41jxPSZ17p4VdGnMHk3MQ==",
			"dev": true,
			"engines": {
				"node": ">=0.4.0"
			}
		},
		"node_modules/deprecation": {
			"version": "2.3.1",
			"resolved": "https://registry.npmjs.org/deprecation/-/deprecation-2.3.1.tgz",
			"integrity": "sha512-xmHIy4F3scKVwMsQ4WnVaS8bHOx0DmVwRywosKhaILI0ywMDWPtBSku2HNxRvF7jtwDRsoEwYQSfbxj8b7RlJQ==",
			"dev": true
		},
		"node_modules/dot-case": {
			"version": "3.0.4",
			"resolved": "https://registry.npmjs.org/dot-case/-/dot-case-3.0.4.tgz",
			"integrity": "sha512-Kv5nKlh6yRrdrGvxeJ2e5y2eRUpkUosIW4A2AS38zwSz27zu7ufDwQPi5Jhs3XAlGNetl3bmnGhQsMtkKJnj3w==",
			"dev": true,
			"dependencies": {
				"no-case": "^3.0.4",
				"tslib": "^2.0.3"
			}
		},
		"node_modules/esbuild": {
			"version": "0.16.17",
			"resolved": "https://registry.npmjs.org/esbuild/-/esbuild-0.16.17.tgz",
			"integrity": "sha512-G8LEkV0XzDMNwXKgM0Jwu3nY3lSTwSGY6XbxM9cr9+s0T/qSV1q1JVPBGzm3dcjhCic9+emZDmMffkwgPeOeLg==",
			"dev": true,
			"hasInstallScript": true,
			"bin": {
				"esbuild": "bin/esbuild"
			},
			"engines": {
				"node": ">=12"
			},
			"optionalDependencies": {
				"@esbuild/android-arm": "0.16.17",
				"@esbuild/android-arm64": "0.16.17",
				"@esbuild/android-x64": "0.16.17",
				"@esbuild/darwin-arm64": "0.16.17",
				"@esbuild/darwin-x64": "0.16.17",
				"@esbuild/freebsd-arm64": "0.16.17",
				"@esbuild/freebsd-x64": "0.16.17",
				"@esbuild/linux-arm": "0.16.17",
				"@esbuild/linux-arm64": "0.16.17",
				"@esbuild/linux-ia32": "0.16.17",
				"@esbuild/linux-loong64": "0.16.17",
				"@esbuild/linux-mips64el": "0.16.17",
				"@esbuild/linux-ppc64": "0.16.17",
				"@esbuild/linux-riscv64": "0.16.17",
				"@esbuild/linux-s390x": "0.16.17",
				"@esbuild/linux-x64": "0.16.17",
				"@esbuild/netbsd-x64": "0.16.17",
				"@esbuild/openbsd-x64": "0.16.17",
				"@esbuild/sunos-x64": "0.16.17",
				"@esbuild/win32-arm64": "0.16.17",
				"@esbuild/win32-ia32": "0.16.17",
				"@esbuild/win32-x64": "0.16.17"
			}
		},
		"node_modules/estree-walker": {
			"version": "2.0.2",
			"resolved": "https://registry.npmjs.org/estree-walker/-/estree-walker-2.0.2.tgz",
			"integrity": "sha512-Rfkk/Mp/DL7JVje3u18FxFujQlTNR2q6QfMSMB7AvCBx91NGj/ba3kCfza0f6dVDbw7YlRf/nDrn7pQrCCyQ/w==",
			"dev": true
		},
		"node_modules/follow-redirects": {
			"version": "1.15.2",
			"resolved": "https://registry.npmjs.org/follow-redirects/-/follow-redirects-1.15.2.tgz",
			"integrity": "sha512-VQLG33o04KaQ8uYi2tVNbdrWp1QWxNNea+nmIB4EVM28v0hmP17z7aG1+wAkNzVq4KeXTq3221ye5qTJP91JwA==",
			"dev": true,
			"funding": [
				{
					"type": "individual",
					"url": "https://github.com/sponsors/RubenVerborgh"
				}
			],
			"engines": {
				"node": ">=4.0"
			},
			"peerDependenciesMeta": {
				"debug": {
					"optional": true
				}
			}
		},
		"node_modules/form-data": {
			"version": "4.0.0",
			"resolved": "https://registry.npmjs.org/form-data/-/form-data-4.0.0.tgz",
			"integrity": "sha512-ETEklSGi5t0QMZuiXoA/Q6vcnxcLQP5vdugSpuAyi6SVGi2clPPp+xgEhuMaHC+zGgn31Kd235W35f7Hykkaww==",
			"dev": true,
			"dependencies": {
				"asynckit": "^0.4.0",
				"combined-stream": "^1.0.8",
				"mime-types": "^2.1.12"
			},
			"engines": {
				"node": ">= 6"
			}
		},
		"node_modules/fsevents": {
			"version": "2.3.2",
			"resolved": "https://registry.npmjs.org/fsevents/-/fsevents-2.3.2.tgz",
			"integrity": "sha512-xiqMQR4xAeHTuB9uWm+fFRcIOgKBMiOBP+eXiyT7jsgVCq1bkVygt00oASowB7EdtpOHaaPgKt812P9ab+DDKA==",
			"dev": true,
			"hasInstallScript": true,
			"optional": true,
			"os": [
				"darwin"
			],
			"engines": {
				"node": "^8.16.0 || ^10.6.0 || >=11.0.0"
			}
		},
		"node_modules/function-bind": {
			"version": "1.1.1",
			"resolved": "https://registry.npmjs.org/function-bind/-/function-bind-1.1.1.tgz",
			"integrity": "sha512-yIovAzMX49sF8Yl58fSCWJ5svSLuaibPxXQJFLmBObTuCr0Mf1KiPopGM9NiFjiYBCbfaa2Fh6breQ6ANVTI0A==",
			"dev": true
		},
		"node_modules/has": {
			"version": "1.0.3",
			"resolved": "https://registry.npmjs.org/has/-/has-1.0.3.tgz",
			"integrity": "sha512-f2dvO0VU6Oej7RkWJGrehjbzMAjFp5/VKPp5tTpWIV4JHHZK1/BxbFRtf/siA2SWTe09caDmVtYYzWEIbBS4zw==",
			"dev": true,
			"dependencies": {
				"function-bind": "^1.1.1"
			},
			"engines": {
				"node": ">= 0.4.0"
			}
		},
		"node_modules/he": {
			"version": "1.2.0",
			"resolved": "https://registry.npmjs.org/he/-/he-1.2.0.tgz",
			"integrity": "sha512-F/1DnUGPopORZi0ni+CvrCgHQ5FyEAHRLSApuYWMmrbSwoN2Mn/7k+Gl38gJnR7yyDZk6WLXwiGod1JOWNDKGw==",
			"dev": true,
			"bin": {
				"he": "bin/he"
			}
		},
		"node_modules/html-minifier-terser": {
			"version": "6.1.0",
			"resolved": "https://registry.npmjs.org/html-minifier-terser/-/html-minifier-terser-6.1.0.tgz",
			"integrity": "sha512-YXxSlJBZTP7RS3tWnQw74ooKa6L9b9i9QYXY21eUEvhZ3u9XLfv6OnFsQq6RxkhHygsaUMvYsZRV5rU/OVNZxw==",
			"dev": true,
			"dependencies": {
				"camel-case": "^4.1.2",
				"clean-css": "^5.2.2",
				"commander": "^8.3.0",
				"he": "^1.2.0",
				"param-case": "^3.0.4",
				"relateurl": "^0.2.7",
				"terser": "^5.10.0"
			},
			"bin": {
				"html-minifier-terser": "cli.js"
			},
			"engines": {
				"node": ">=12"
			}
		},
		"node_modules/is-core-module": {
			"version": "2.11.0",
			"resolved": "https://registry.npmjs.org/is-core-module/-/is-core-module-2.11.0.tgz",
			"integrity": "sha512-RRjxlvLDkD1YJwDbroBHMb+cukurkDWNyHx7D3oNB5x9rb5ogcksMC5wHCadcXoo67gVr/+3GFySh3134zi6rw==",
			"dev": true,
			"dependencies": {
				"has": "^1.0.3"
			},
			"funding": {
				"url": "https://github.com/sponsors/ljharb"
			}
		},
		"node_modules/is-plain-object": {
			"version": "5.0.0",
			"resolved": "https://registry.npmjs.org/is-plain-object/-/is-plain-object-5.0.0.tgz",
			"integrity": "sha512-VRSzKkbMm5jMDoKLbltAkFQ5Qr7VDiTFGXxYFXXowVj387GeGNOCsOH6Msy00SGZ3Fp84b1Naa1psqgcCIEP5Q==",
			"dev": true,
			"engines": {
				"node": ">=0.10.0"
			}
		},
		"node_modules/lower-case": {
			"version": "2.0.2",
			"resolved": "https://registry.npmjs.org/lower-case/-/lower-case-2.0.2.tgz",
			"integrity": "sha512-7fm3l3NAF9WfN6W3JOmf5drwpVqX78JtoGJ3A6W0a6ZnldM41w2fV5D490psKFTpMds8TJse/eHLFFsNHHjHgg==",
			"dev": true,
			"dependencies": {
				"tslib": "^2.0.3"
			}
		},
		"node_modules/mime-db": {
			"version": "1.52.0",
			"resolved": "https://registry.npmjs.org/mime-db/-/mime-db-1.52.0.tgz",
			"integrity": "sha512-sPU4uV7dYlvtWJxwwxHD0PuihVNiE7TyAbQ5SWxDCB9mUYvOgroQOwYQQOKPJ8CIbE+1ETVlOoK1UC2nU3gYvg==",
			"dev": true,
			"engines": {
				"node": ">= 0.6"
			}
		},
		"node_modules/mime-types": {
			"version": "2.1.35",
			"resolved": "https://registry.npmjs.org/mime-types/-/mime-types-2.1.35.tgz",
			"integrity": "sha512-ZDY+bPm5zTTF+YpCrAU9nK0UgICYPT0QtT1NZWFv4s++TNkcgVaT0g6+4R2uI4MjQjzysHB1zxuWL50hzaeXiw==",
			"dev": true,
			"dependencies": {
				"mime-db": "1.52.0"
			},
			"engines": {
				"node": ">= 0.6"
			}
		},
		"node_modules/ms": {
			"version": "2.1.2",
			"resolved": "https://registry.npmjs.org/ms/-/ms-2.1.2.tgz",
			"integrity": "sha512-sGkPx+VjMtmA6MX27oA4FBFELFCZZ4S4XqeGOXCv68tT+jb3vk/RyaKWP0PTKyWtmLSM0b+adUTEvbs1PEaH2w==",
			"dev": true
		},
		"node_modules/nanoid": {
			"version": "3.3.4",
			"resolved": "https://registry.npmjs.org/nanoid/-/nanoid-3.3.4.tgz",
			"integrity": "sha512-MqBkQh/OHTS2egovRtLk45wEyNXwF+cokD+1YPf9u5VfJiRdAiRwB2froX5Co9Rh20xs4siNPm8naNotSD6RBw==",
			"dev": true,
			"bin": {
				"nanoid": "bin/nanoid.cjs"
			},
			"engines": {
				"node": "^10 || ^12 || ^13.7 || ^14 || >=15.0.1"
			}
		},
		"node_modules/no-case": {
			"version": "3.0.4",
			"resolved": "https://registry.npmjs.org/no-case/-/no-case-3.0.4.tgz",
			"integrity": "sha512-fgAN3jGAh+RoxUGZHTSOLJIqUc2wmoBwGR4tbpNAKmmovFoWq0OdRkb0VkldReO2a2iBT/OEulG9XSUc10r3zg==",
			"dev": true,
			"dependencies": {
				"lower-case": "^2.0.2",
				"tslib": "^2.0.3"
			}
		},
		"node_modules/node-fetch": {
			"version": "2.6.8",
			"resolved": "https://registry.npmjs.org/node-fetch/-/node-fetch-2.6.8.tgz",
			"integrity": "sha512-RZ6dBYuj8dRSfxpUSu+NsdF1dpPpluJxwOp+6IoDp/sH2QNDSvurYsAa+F1WxY2RjA1iP93xhcsUoYbF2XBqVg==",
			"dev": true,
			"dependencies": {
				"whatwg-url": "^5.0.0"
			},
			"engines": {
				"node": "4.x || >=6.0.0"
			},
			"peerDependencies": {
				"encoding": "^0.1.0"
			},
			"peerDependenciesMeta": {
				"encoding": {
					"optional": true
				}
			}
		},
		"node_modules/once": {
			"version": "1.4.0",
			"resolved": "https://registry.npmjs.org/once/-/once-1.4.0.tgz",
			"integrity": "sha512-lNaJgI+2Q5URQBkccEKHTQOPaXdUxnZZElQTZY0MFUAuaEqe1E+Nyvgdz/aIyNi6Z9MzO5dv1H8n58/GELp3+w==",
			"dev": true,
			"dependencies": {
				"wrappy": "1"
			}
		},
		"node_modules/param-case": {
			"version": "3.0.4",
			"resolved": "https://registry.npmjs.org/param-case/-/param-case-3.0.4.tgz",
			"integrity": "sha512-RXlj7zCYokReqWpOPH9oYivUzLYZ5vAPIfEmCTNViosC78F8F0H9y7T7gG2M39ymgutxF5gcFEsyZQSph9Bp3A==",
			"dev": true,
			"dependencies": {
				"dot-case": "^3.0.4",
				"tslib": "^2.0.3"
			}
		},
		"node_modules/pascal-case": {
			"version": "3.1.2",
			"resolved": "https://registry.npmjs.org/pascal-case/-/pascal-case-3.1.2.tgz",
			"integrity": "sha512-uWlGT3YSnK9x3BQJaOdcZwrnV6hPpd8jFH1/ucpiLRPh/2zCVJKS19E4GvYHvaCcACn3foXZ0cLB9Wrx1KGe5g==",
			"dev": true,
			"dependencies": {
				"no-case": "^3.0.4",
				"tslib": "^2.0.3"
			}
		},
		"node_modules/path-parse": {
			"version": "1.0.7",
			"resolved": "https://registry.npmjs.org/path-parse/-/path-parse-1.0.7.tgz",
			"integrity": "sha512-LDJzPVEEEPR+y48z93A0Ed0yXb8pAByGWo/k5YYdYgpY2/2EsOsksJrq7lOHxryrVOn1ejG6oAp8ahvOIQD8sw==",
			"dev": true
		},
		"node_modules/picocolors": {
			"version": "1.0.0",
			"resolved": "https://registry.npmjs.org/picocolors/-/picocolors-1.0.0.tgz",
			"integrity": "sha512-1fygroTLlHu66zi26VoTDv8yRgm0Fccecssto+MhsZ0D/DGW2sm8E8AjW7NU5VVTRt5GxbeZ5qBuJr+HyLYkjQ==",
			"dev": true
		},
		"node_modules/picomatch": {
			"version": "2.3.1",
			"resolved": "https://registry.npmjs.org/picomatch/-/picomatch-2.3.1.tgz",
			"integrity": "sha512-JU3teHTNjmE2VCGFzuY8EXzCDVwEqB2a8fsIvwaStHhAWJEeVd1o1QD80CU6+ZdEXXSLbSsuLwJjkCBWqRQUVA==",
			"dev": true,
			"engines": {
				"node": ">=8.6"
			},
			"funding": {
				"url": "https://github.com/sponsors/jonschlinkert"
			}
		},
		"node_modules/postcss": {
			"version": "8.4.21",
			"resolved": "https://registry.npmjs.org/postcss/-/postcss-8.4.21.tgz",
			"integrity": "sha512-tP7u/Sn/dVxK2NnruI4H9BG+x+Wxz6oeZ1cJ8P6G/PZY0IKk4k/63TDsQf2kQq3+qoJeLm2kIBUNlZe3zgb4Zg==",
			"dev": true,
			"funding": [
				{
					"type": "opencollective",
					"url": "https://opencollective.com/postcss/"
				},
				{
					"type": "tidelift",
					"url": "https://tidelift.com/funding/github/npm/postcss"
				}
			],
			"dependencies": {
				"nanoid": "^3.3.4",
				"picocolors": "^1.0.0",
				"source-map-js": "^1.0.2"
			},
			"engines": {
				"node": "^10 || ^12 || >=14"
			}
		},
		"node_modules/proxy-from-env": {
			"version": "1.1.0",
			"resolved": "https://registry.npmjs.org/proxy-from-env/-/proxy-from-env-1.1.0.tgz",
			"integrity": "sha512-D+zkORCbA9f1tdWRK0RaCR3GPv50cMxcrz4X8k5LTSUD1Dkw47mKJEZQNunItRTkWwgtaUSo1RVFRIG9ZXiFYg==",
			"dev": true
		},
		"node_modules/relateurl": {
			"version": "0.2.7",
			"resolved": "https://registry.npmjs.org/relateurl/-/relateurl-0.2.7.tgz",
			"integrity": "sha512-G08Dxvm4iDN3MLM0EsP62EDV9IuhXPR6blNz6Utcp7zyV3tr4HVNINt6MpaRWbxoOHT3Q7YN2P+jaHX8vUbgog==",
			"dev": true,
			"engines": {
				"node": ">= 0.10"
			}
		},
		"node_modules/resolve": {
			"version": "1.22.1",
			"resolved": "https://registry.npmjs.org/resolve/-/resolve-1.22.1.tgz",
			"integrity": "sha512-nBpuuYuY5jFsli/JIs1oldw6fOQCBioohqWZg/2hiaOybXOft4lonv85uDOKXdf8rhyK159cxU5cDcK/NKk8zw==",
			"dev": true,
			"dependencies": {
				"is-core-module": "^2.9.0",
				"path-parse": "^1.0.7",
				"supports-preserve-symlinks-flag": "^1.0.0"
			},
			"bin": {
				"resolve": "bin/resolve"
			},
			"funding": {
				"url": "https://github.com/sponsors/ljharb"
			}
		},
		"node_modules/rollup": {
			"version": "3.10.1",
			"resolved": "https://registry.npmjs.org/rollup/-/rollup-3.10.1.tgz",
			"integrity": "sha512-3Er+yel3bZbZX1g2kjVM+FW+RUWDxbG87fcqFM5/9HbPCTpbVp6JOLn7jlxnNlbu7s/N/uDA4EV/91E2gWnxzw==",
			"dev": true,
			"bin": {
				"rollup": "dist/bin/rollup"
			},
			"engines": {
				"node": ">=14.18.0",
				"npm": ">=8.0.0"
			},
			"optionalDependencies": {
				"fsevents": "~2.3.2"
			}
		},
		"node_modules/source-map": {
			"version": "0.6.1",
			"resolved": "https://registry.npmjs.org/source-map/-/source-map-0.6.1.tgz",
			"integrity": "sha512-UjgapumWlbMhkBgzT7Ykc5YXUT46F0iKu8SGXq0bcwP5dz/h0Plj6enJqjz1Zbq2l5WaqYnrVbwWOWMyF3F47g==",
			"dev": true,
			"engines": {
				"node": ">=0.10.0"
			}
		},
		"node_modules/source-map-js": {
			"version": "1.0.2",
			"resolved": "https://registry.npmjs.org/source-map-js/-/source-map-js-1.0.2.tgz",
			"integrity": "sha512-R0XvVJ9WusLiqTCEiGCmICCMplcCkIwwR11mOSD9CR5u+IXYdiseeEuXCVAjS54zqwkLcPNnmU4OeJ6tUrWhDw==",
			"dev": true,
			"engines": {
				"node": ">=0.10.0"
			}
		},
		"node_modules/source-map-support": {
			"version": "0.5.21",
			"resolved": "https://registry.npmjs.org/source-map-support/-/source-map-support-0.5.21.tgz",
			"integrity": "sha512-uBHU3L3czsIyYXKX88fdrGovxdSCoTGDRZ6SYXtSRxLZUzHg5P/66Ht6uoUlHu9EZod+inXhKo3qQgwXUT/y1w==",
			"dev": true,
			"dependencies": {
				"buffer-from": "^1.0.0",
				"source-map": "^0.6.0"
			}
		},
		"node_modules/supports-preserve-symlinks-flag": {
			"version": "1.0.0",
			"resolved": "https://registry.npmjs.org/supports-preserve-symlinks-flag/-/supports-preserve-symlinks-flag-1.0.0.tgz",
			"integrity": "sha512-ot0WnXS9fgdkgIcePe6RHNk1WA8+muPa6cSjeR3V8K27q9BB1rTE3R1p7Hv0z1ZyAc8s6Vvv8DIyWf681MAt0w==",
			"dev": true,
			"engines": {
				"node": ">= 0.4"
			},
			"funding": {
				"url": "https://github.com/sponsors/ljharb"
			}
		},
		"node_modules/terser": {
			"version": "5.16.1",
			"resolved": "https://registry.npmjs.org/terser/-/terser-5.16.1.tgz",
			"integrity": "sha512-xvQfyfA1ayT0qdK47zskQgRZeWLoOQ8JQ6mIgRGVNwZKdQMU+5FkCBjmv4QjcrTzyZquRw2FVtlJSRUmMKQslw==",
			"dev": true,
			"dependencies": {
				"@jridgewell/source-map": "^0.3.2",
				"acorn": "^8.5.0",
				"commander": "^2.20.0",
				"source-map-support": "~0.5.20"
			},
			"bin": {
				"terser": "bin/terser"
			},
			"engines": {
				"node": ">=10"
			}
		},
		"node_modules/terser/node_modules/commander": {
			"version": "2.20.3",
			"resolved": "https://registry.npmjs.org/commander/-/commander-2.20.3.tgz",
			"integrity": "sha512-GpVkmM8vF2vQUkj2LvZmD35JxeJOLCwJ9cUkugyk2nuhbv3+mJvpLYYt+0+USMxE+oj+ey/lJEnhZw75x/OMcQ==",
			"dev": true
		},
		"node_modules/tr46": {
			"version": "0.0.3",
			"resolved": "https://registry.npmjs.org/tr46/-/tr46-0.0.3.tgz",
			"integrity": "sha512-N3WMsuqV66lT30CrXNbEjx4GEwlow3v6rr4mCcv6prnfwhS01rkgyFdjPNBYd9br7LpXV1+Emh01fHnq2Gdgrw==",
			"dev": true
		},
		"node_modules/tslib": {
			"version": "2.4.1",
			"resolved": "https://registry.npmjs.org/tslib/-/tslib-2.4.1.tgz",
			"integrity": "sha512-tGyy4dAjRIEwI7BzsB0lynWgOpfqjUdq91XXAlIWD2OwKBH7oCl/GZG/HT4BOHrTlPMOASlMQ7veyTqpmRcrNA==",
			"dev": true
		},
		"node_modules/typescript": {
			"version": "4.9.4",
			"resolved": "https://registry.npmjs.org/typescript/-/typescript-4.9.4.tgz",
			"integrity": "sha512-Uz+dTXYzxXXbsFpM86Wh3dKCxrQqUcVMxwU54orwlJjOpO3ao8L7j5lH+dWfTwgCwIuM9GQ2kvVotzYJMXTBZg==",
			"dev": true,
			"bin": {
				"tsc": "bin/tsc",
				"tsserver": "bin/tsserver"
			},
			"engines": {
				"node": ">=4.2.0"
			}
		},
		"node_modules/universal-user-agent": {
			"version": "6.0.0",
			"resolved": "https://registry.npmjs.org/universal-user-agent/-/universal-user-agent-6.0.0.tgz",
			"integrity": "sha512-isyNax3wXoKaulPDZWHQqbmIx1k2tb9fb3GGDBRxCscfYV2Ch7WxPArBsFEG8s/safwXTT7H4QGhaIkTp9447w==",
			"dev": true
		},
		"node_modules/vite": {
			"version": "4.0.4",
			"resolved": "https://registry.npmjs.org/vite/-/vite-4.0.4.tgz",
			"integrity": "sha512-xevPU7M8FU0i/80DMR+YhgrzR5KS2ORy1B4xcX/cXLsvnUWvfHuqMmVU6N0YiJ4JWGRJJsLCgjEzKjG9/GKoSw==",
			"dev": true,
			"dependencies": {
				"esbuild": "^0.16.3",
				"postcss": "^8.4.20",
				"resolve": "^1.22.1",
				"rollup": "^3.7.0"
			},
			"bin": {
				"vite": "bin/vite.js"
			},
			"engines": {
				"node": "^14.18.0 || >=16.0.0"
			},
			"optionalDependencies": {
				"fsevents": "~2.3.2"
			},
			"peerDependencies": {
				"@types/node": ">= 14",
				"less": "*",
				"sass": "*",
				"stylus": "*",
				"sugarss": "*",
				"terser": "^5.4.0"
			},
			"peerDependenciesMeta": {
				"@types/node": {
					"optional": true
				},
				"less": {
					"optional": true
				},
				"sass": {
					"optional": true
				},
				"stylus": {
					"optional": true
				},
				"sugarss": {
					"optional": true
				},
				"terser": {
					"optional": true
				}
			}
		},
		"node_modules/vite-plugin-glsl": {
			"version": "1.1.1",
			"resolved": "https://registry.npmjs.org/vite-plugin-glsl/-/vite-plugin-glsl-1.1.1.tgz",
			"integrity": "sha512-OLkjjpl2yByaMxqUrSKSoNkP8fxpZL2ZWgMc20lvhateBrffe0rbgCIDOGOsCna8GYBfKS9GBoOMxK6Umkrjzg==",
			"dev": true,
			"dependencies": {
				"@rollup/pluginutils": "^5.0.2"
			},
			"engines": {
				"node": ">= 16.15.1",
				"npm": ">= 8.11.0"
			},
			"peerDependencies": {
				"vite": "^3.0.0 || ^4.0.0"
			}
		},
		"node_modules/vite-plugin-minify": {
			"version": "1.5.2",
			"resolved": "https://registry.npmjs.org/vite-plugin-minify/-/vite-plugin-minify-1.5.2.tgz",
			"integrity": "sha512-clf3THHlet1jD35y8+mbw/xgACbdUQ1Eyc9zZFiqaxVOZLSC3UbrkOYOG+Nf4cleRjWgb8czbXrnQiWZICVh3Q==",
			"dev": true,
			"dependencies": {
				"html-minifier-terser": "^6.1.0"
			},
			"peerDependencies": {
				"vite": "*"
			}
		},
		"node_modules/vite-plugin-mkcert": {
			"version": "1.11.0",
			"resolved": "https://registry.npmjs.org/vite-plugin-mkcert/-/vite-plugin-mkcert-1.11.0.tgz",
			"integrity": "sha512-eSOZL09et4iu23pU5QtOWRCbPQATlqmJmEX34I7QkoEVJ6I34B/2csleD7pZsZgziYGaQgLUAkzaxLhyjz4sAA==",
			"dev": true,
			"dependencies": {
				"@octokit/rest": "^19.0.5",
				"axios": "^1.2.2",
				"debug": "^4.3.4",
				"picocolors": "^1.0.0"
			},
			"engines": {
				"node": ">=v16.0.0"
			},
			"peerDependencies": {
				"vite": ">=3"
			}
		},
		"node_modules/webidl-conversions": {
			"version": "3.0.1",
			"resolved": "https://registry.npmjs.org/webidl-conversions/-/webidl-conversions-3.0.1.tgz",
			"integrity": "sha512-2JAn3z8AR6rjK8Sm8orRC0h/bcl/DqL7tRPdGZ4I1CjdF+EaMLmYxBHyXuKL849eucPFhvBoxMsflfOb8kxaeQ==",
			"dev": true
		},
		"node_modules/whatwg-url": {
			"version": "5.0.0",
			"resolved": "https://registry.npmjs.org/whatwg-url/-/whatwg-url-5.0.0.tgz",
			"integrity": "sha512-saE57nupxk6v3HY35+jzBwYa0rKSy0XR8JSxZPwgLr7ys0IBzhGviA1/TUGJLmSVqs8pb9AnvICXEuOHLprYTw==",
			"dev": true,
			"dependencies": {
				"tr46": "~0.0.3",
				"webidl-conversions": "^3.0.0"
			}
		},
		"node_modules/wrappy": {
			"version": "1.0.2",
			"resolved": "https://registry.npmjs.org/wrappy/-/wrappy-1.0.2.tgz",
			"integrity": "sha512-l4Sp/DRseor9wL6EvV2+TuQn63dMkPjZ/sp9XkghTEbV9KlPS1xUsZ3u7/IQO4wxtcFB4bgpQPRcR3QCvezPcQ==",
			"dev": true
		}
	}
}
